{
  "version": 4,
  "terraform_version": "1.3.0",
  "serial": 7,
  "lineage": "776627f0-443a-db6d-8015-67620e5c4e96",
  "outputs": {},
  "resources": [
    {
      "mode": "managed",
      "type": "azurerm_data_factory",
      "name": "adf",
      "provider": "provider[\"registry.terraform.io/hashicorp/azurerm\"]",
      "instances": [
        {
          "schema_version": 2,
          "attributes": {
            "customer_managed_key_id": "",
            "customer_managed_key_identity_id": "",
            "github_configuration": [],
            "global_parameter": [],
            "id": "/subscriptions/5f45d4a2-547c-4ed7-934a-958a112059b2/resourceGroups/test_terraform_managed_adf/providers/Microsoft.DataFactory/factories/adf-from-github",
            "identity": [],
            "location": "eastus2",
            "managed_virtual_network_enabled": false,
            "name": "adf-from-github",
            "public_network_enabled": true,
            "resource_group_name": "test_terraform_managed_adf",
            "tags": null,
            "timeouts": null,
            "vsts_configuration": []
          },
          "sensitive_attributes": [],
          "private": "eyJlMmJmYjczMC1lY2FhLTExZTYtOGY4OC0zNDM2M2JjN2M0YzAiOnsiY3JlYXRlIjoxODAwMDAwMDAwMDAwLCJkZWxldGUiOjE4MDAwMDAwMDAwMDAsInJlYWQiOjMwMDAwMDAwMDAwMCwidXBkYXRlIjoxODAwMDAwMDAwMDAwfSwic2NoZW1hX3ZlcnNpb24iOiIyIn0=",
          "dependencies": [
            "azurerm_resource_group.rg"
          ]
        }
      ]
    },
    {
      "mode": "managed",
      "type": "azurerm_data_factory_integration_runtime_self_hosted",
      "name": "example",
      "provider": "provider[\"registry.terraform.io/hashicorp/azurerm\"]",
      "instances": [
        {
          "schema_version": 0,
          "attributes": {
            "data_factory_id": "/subscriptions/5f45d4a2-547c-4ed7-934a-958a112059b2/resourceGroups/test_terraform_managed_adf/providers/Microsoft.DataFactory/factories/adf-from-github",
            "description": "",
            "id": "/subscriptions/5f45d4a2-547c-4ed7-934a-958a112059b2/resourceGroups/test_terraform_managed_adf/providers/Microsoft.DataFactory/factories/adf-from-github/integrationruntimes/selfHostedIRmushqmos2dv",
            "name": "selfHostedIRmushqmos2dv",
            "primary_authorization_key": "IR@9eeac576-4f97-45e0-9aeb-df64b2898bc3@adf-from-github@ServiceEndpoint=adf-from-github.eastus2.datafactory.azure.net@13IEPDekCaV+d72HV4MaBi/hBpGlcH8BQAEm4Di+Rlc=",
            "rbac_authorization": [],
            "secondary_authorization_key": "IR@9eeac576-4f97-45e0-9aeb-df64b2898bc3@adf-from-github@ServiceEndpoint=adf-from-github.eastus2.datafactory.azure.net@7fBKhH0wHhhstsBlinZI3w+nQVOV8fBPV3NlsVhd2eQ=",
            "timeouts": null
          },
          "sensitive_attributes": [],
          "private": "eyJlMmJmYjczMC1lY2FhLTExZTYtOGY4OC0zNDM2M2JjN2M0YzAiOnsiY3JlYXRlIjoxODAwMDAwMDAwMDAwLCJkZWxldGUiOjE4MDAwMDAwMDAwMDAsInJlYWQiOjMwMDAwMDAwMDAwMCwidXBkYXRlIjoxODAwMDAwMDAwMDAwfX0=",
          "dependencies": [
            "azurerm_data_factory.adf",
            "azurerm_resource_group.rg"
          ]
        }
      ]
    },
    {
      "mode": "managed",
      "type": "azurerm_resource_group",
      "name": "rg",
      "provider": "provider[\"registry.terraform.io/hashicorp/azurerm\"]",
      "instances": [
        {
          "schema_version": 0,
          "attributes": {
            "id": "/subscriptions/5f45d4a2-547c-4ed7-934a-958a112059b2/resourceGroups/test_terraform_managed_adf",
            "location": "eastus2",
            "name": "test_terraform_managed_adf",
            "tags": {},
            "timeouts": null
          },
          "sensitive_attributes": [],
          "private": "eyJlMmJmYjczMC1lY2FhLTExZTYtOGY4OC0zNDM2M2JjN2M0YzAiOnsiY3JlYXRlIjo1NDAwMDAwMDAwMDAwLCJkZWxldGUiOjU0MDAwMDAwMDAwMDAsInJlYWQiOjMwMDAwMDAwMDAwMCwidXBkYXRlIjo1NDAwMDAwMDAwMDAwfX0="
        }
      ]
    }
  ],
  "check_results": []
}
