{
  "version": 4,
  "terraform_version": "1.3.0",
  "serial": 13,
  "lineage": "776627f0-443a-db6d-8015-67620e5c4e96",
  "outputs": {},
  "resources": [
    {
      "mode": "managed",
      "type": "azurerm_data_factory",
      "name": "adf",
      "provider": "provider[\"registry.terraform.io/hashicorp/azurerm\"]",
      "instances": [
        {
          "schema_version": 2,
          "attributes": {
            "customer_managed_key_id": "",
            "customer_managed_key_identity_id": "",
            "github_configuration": [],
            "global_parameter": [],
            "id": "/subscriptions/5f45d4a2-547c-4ed7-934a-958a112059b2/resourceGroups/test_terraform_managed_adf/providers/Microsoft.DataFactory/factories/adf-from-github",
            "identity": [],
            "location": "eastus2",
            "managed_virtual_network_enabled": false,
            "name": "adf-from-github",
            "public_network_enabled": true,
            "resource_group_name": "test_terraform_managed_adf",
            "tags": {},
            "timeouts": null,
            "vsts_configuration": []
          },
          "sensitive_attributes": [],
          "private": "eyJlMmJmYjczMC1lY2FhLTExZTYtOGY4OC0zNDM2M2JjN2M0YzAiOnsiY3JlYXRlIjoxODAwMDAwMDAwMDAwLCJkZWxldGUiOjE4MDAwMDAwMDAwMDAsInJlYWQiOjMwMDAwMDAwMDAwMCwidXBkYXRlIjoxODAwMDAwMDAwMDAwfSwic2NoZW1hX3ZlcnNpb24iOiIyIn0=",
          "dependencies": [
            "azurerm_resource_group.rg"
          ]
        }
      ]
    },
    {
      "mode": "managed",
      "type": "azurerm_data_factory_integration_runtime_self_hosted",
      "name": "shrt",
      "provider": "provider[\"registry.terraform.io/hashicorp/azurerm\"]",
      "instances": [
        {
          "schema_version": 0,
          "attributes": {
            "data_factory_id": "/subscriptions/5f45d4a2-547c-4ed7-934a-958a112059b2/resourceGroups/test_terraform_managed_adf/providers/Microsoft.DataFactory/factories/adf-from-github",
            "description": "",
            "id": "/subscriptions/5f45d4a2-547c-4ed7-934a-958a112059b2/resourceGroups/test_terraform_managed_adf/providers/Microsoft.DataFactory/factories/adf-from-github/integrationruntimes/selfHostedIRmushqmos2dv",
            "name": "selfHostedIRmushqmos2dv",
            "primary_authorization_key": "IR@cd9cbe66-ae7f-4421-b918-eee69ed66fff@adf-from-github@ServiceEndpoint=adf-from-github.eastus2.datafactory.azure.net@ZWKQFSm8SIzKi4csneYp8p6gOGa3mUctD0Fl/z6cKsc=",
            "rbac_authorization": [],
            "secondary_authorization_key": "IR@cd9cbe66-ae7f-4421-b918-eee69ed66fff@adf-from-github@ServiceEndpoint=adf-from-github.eastus2.datafactory.azure.net@5BU0lzR39VSLeKuctpUEehnyXwiVIj2Cy+Ys48Nlmpc=",
            "timeouts": null
          },
          "sensitive_attributes": [],
          "private": "eyJlMmJmYjczMC1lY2FhLTExZTYtOGY4OC0zNDM2M2JjN2M0YzAiOnsiY3JlYXRlIjoxODAwMDAwMDAwMDAwLCJkZWxldGUiOjE4MDAwMDAwMDAwMDAsInJlYWQiOjMwMDAwMDAwMDAwMCwidXBkYXRlIjoxODAwMDAwMDAwMDAwfX0=",
          "dependencies": [
            "azurerm_data_factory.adf",
            "azurerm_resource_group.rg"
          ]
        }
      ]
    },
    {
      "mode": "managed",
      "type": "azurerm_data_factory_linked_custom_service",
      "name": "mosaicDEV",
      "provider": "provider[\"registry.terraform.io/hashicorp/azurerm\"]",
      "instances": [
        {
          "schema_version": 0,
          "attributes": {
            "additional_properties": null,
            "annotations": [],
            "data_factory_id": "/subscriptions/5f45d4a2-547c-4ed7-934a-958a112059b2/resourceGroups/test_terraform_managed_adf/providers/Microsoft.DataFactory/factories/adf-from-github",
            "description": "Mosaic Dev DB",
            "id": "/subscriptions/5f45d4a2-547c-4ed7-934a-958a112059b2/resourceGroups/test_terraform_managed_adf/providers/Microsoft.DataFactory/factories/adf-from-github/linkedservices/mosaicDEV",
            "integration_runtime": [
              {
                "name": "selfHostedIRmushqmos2dv",
                "parameters": null
              }
            ],
            "name": "mosaicDEV",
            "parameters": null,
            "timeouts": null,
            "type": "Oracle",
            "type_properties_json": "{\"connectionString\":\"host=excd-scan.sherwin.com;port=1521;servicename=mosdev;user id=MOSAIC_DATA\",\"encryptedCredential\":\"eyJDcmVkZW50aWFsSWQiOiIzMjgyZjE0NC04ZGUxLTRlOTYtOGU0ZS0xZDQ4Njk0YTQ3MzMiLCJWZXJzaW9uIjoiMi4wIiwiQ2xhc3NUeXBlIjoiTWljcm9zb2Z0LkRhdGFQcm94eS5Db3JlLkludGVyU2VydmljZURhdGFDb250cmFjdC5DcmVkZW50aWFsU1UwNkNZMTQifQ==\"}"
          },
          "sensitive_attributes": [],
          "private": "eyJlMmJmYjczMC1lY2FhLTExZTYtOGY4OC0zNDM2M2JjN2M0YzAiOnsiY3JlYXRlIjoxODAwMDAwMDAwMDAwLCJkZWxldGUiOjE4MDAwMDAwMDAwMDAsInJlYWQiOjMwMDAwMDAwMDAwMCwidXBkYXRlIjoxODAwMDAwMDAwMDAwfX0=",
          "dependencies": [
            "azurerm_data_factory.adf",
            "azurerm_data_factory_integration_runtime_self_hosted.shrt",
            "azurerm_resource_group.rg"
          ]
        }
      ]
    },
    {
      "mode": "managed",
      "type": "azurerm_resource_group",
      "name": "rg",
      "provider": "provider[\"registry.terraform.io/hashicorp/azurerm\"]",
      "instances": [
        {
          "schema_version": 0,
          "attributes": {
            "id": "/subscriptions/5f45d4a2-547c-4ed7-934a-958a112059b2/resourceGroups/test_terraform_managed_adf",
            "location": "eastus2",
            "name": "test_terraform_managed_adf",
            "tags": {},
            "timeouts": null
          },
          "sensitive_attributes": [],
          "private": "eyJlMmJmYjczMC1lY2FhLTExZTYtOGY4OC0zNDM2M2JjN2M0YzAiOnsiY3JlYXRlIjo1NDAwMDAwMDAwMDAwLCJkZWxldGUiOjU0MDAwMDAwMDAwMDAsInJlYWQiOjMwMDAwMDAwMDAwMCwidXBkYXRlIjo1NDAwMDAwMDAwMDAwfX0="
        }
      ]
    }
  ],
  "check_results": []
}
